
Microsoft Visual Studio Solution File, Format Version 12.00
# Visual Studio Version 16
VisualStudioVersion = 16.0.30907.101
MinimumVisualStudioVersion = 10.0.40219.1
Project("{9A19103F-16F7-4668-BE54-9A1E7A4F7556}") = "CaptureScreenshot", "CaptureScreenshot\CaptureScreenshot.csproj", "{9BC2BD20-2775-4716-B107-5961EA342D8D}"
EndProject
Global
	GlobalSection(SolutionConfigurationPlatforms) = preSolution
		Debug|Any CPU = Debug|Any CPU
		Release|Any CPU = Release|Any CPU
	EndGlobalSection
	GlobalSection(ProjectConfigurationPlatforms) = postSolution
		{9BC2BD20-2775-4716-B107-5961EA342D8D}.Debug|Any CPU.ActiveCfg = Debug|Any CPU
		{9BC2BD20-2775-4716-B107-5961EA342D8D}.Debug|Any CPU.Build.0 = Debug|Any CPU
		{9BC2BD20-2775-4716-B107-5961EA342D8D}.Release|Any CPU.ActiveCfg = Release|Any CPU
		{9BC2BD20-2775-4716-B107-5961EA342D8D}.Release|Any CPU.Build.0 = Release|Any CPU
	EndGlobalSection
	GlobalSection(SolutionProperties) = preSolution
		HideSolutionNode = FALSE
	EndGlobalSection
	GlobalSection(ExtensibilityGlobals) = postSolution
		SolutionGuid = {38EEA059-4780-4D7A-B021-CB7FF2D3633B}
	EndGlobalSection
EndGlobal
